// !$*UTF8*$!
{
	archiveVersion = 1;
	classes = {
	};
	objectVersion = 50;
	objects = {

/* Begin PBXBuildFile section */
		BF1D5C7A22B029E70062F474 /* Roxas.framework in Frameworks */ = {isa = PBXBuildFile; fileRef = BF1D5C7522B029DC0062F474 /* Roxas.framework */; };
		BF1D5C7B22B029E70062F474 /* Roxas.framework in Embed Frameworks */ = {isa = PBXBuildFile; fileRef = BF1D5C7522B029DC0062F474 /* Roxas.framework */; settings = {ATTRIBUTES = (CodeSignOnCopy, RemoveHeadersOnCopy, ); }; };
		BFC1F39D22AF0D0E003AC21A /* AppDelegate.swift in Sources */ = {isa = PBXBuildFile; fileRef = BFC1F39C22AF0D0E003AC21A /* AppDelegate.swift */; };
		BFC1F39F22AF0D0E003AC21A /* ViewController.swift in Sources */ = {isa = PBXBuildFile; fileRef = BFC1F39E22AF0D0E003AC21A /* ViewController.swift */; };
		BFC1F3A222AF0D0E003AC21A /* Main.storyboard in Resources */ = {isa = PBXBuildFile; fileRef = BFC1F3A022AF0D0E003AC21A /* Main.storyboard */; };
		BFC1F3A422AF0D0F003AC21A /* Assets.xcassets in Resources */ = {isa = PBXBuildFile; fileRef = BFC1F3A322AF0D0F003AC21A /* Assets.xcassets */; };
		BFC1F3A722AF0D0F003AC21A /* LaunchScreen.storyboard in Resources */ = {isa = PBXBuildFile; fileRef = BFC1F3A522AF0D0F003AC21A /* LaunchScreen.storyboard */; };
/* End PBXBuildFile section */

/* Begin PBXContainerItemProxy section */
		BF1D5C7422B029DC0062F474 /* PBXContainerItemProxy */ = {
			isa = PBXContainerItemProxy;
			containerPortal = BF1D5C6E22B029DB0062F474 /* Roxas.xcodeproj */;
			proxyType = 2;
			remoteGlobalIDString = BFADAFF819AE7BB70050CF31;
			remoteInfo = Roxas;
		};
		BF1D5C7622B029DC0062F474 /* PBXContainerItemProxy */ = {
			isa = PBXContainerItemProxy;
			containerPortal = BF1D5C6E22B029DB0062F474 /* Roxas.xcodeproj */;
			proxyType = 2;
			remoteGlobalIDString = BF8624801BB742E700C12EEE;
			remoteInfo = RoxasTV;
		};
		BF1D5C7822B029DC0062F474 /* PBXContainerItemProxy */ = {
			isa = PBXContainerItemProxy;
			containerPortal = BF1D5C6E22B029DB0062F474 /* Roxas.xcodeproj */;
			proxyType = 2;
			remoteGlobalIDString = BFADB00319AE7BB80050CF31;
			remoteInfo = RoxasTests;
		};
		BF1D5C7C22B029E80062F474 /* PBXContainerItemProxy */ = {
			isa = PBXContainerItemProxy;
			containerPortal = BF1D5C6E22B029DB0062F474 /* Roxas.xcodeproj */;
			proxyType = 1;
			remoteGlobalIDString = BFADAFF719AE7BB70050CF31;
			remoteInfo = Roxas;
		};
/* End PBXContainerItemProxy section */

/* Begin PBXCopyFilesBuildPhase section */
		BF1D5C6D22B029190062F474 /* Embed Frameworks */ = {
			isa = PBXCopyFilesBuildPhase;
			buildActionMask = 2147483647;
			dstPath = "";
			dstSubfolderSpec = 10;
			files = (
				BF1D5C7B22B029E70062F474 /* Roxas.framework in Embed Frameworks */,
			);
			name = "Embed Frameworks";
			runOnlyForDeploymentPostprocessing = 0;
		};
/* End PBXCopyFilesBuildPhase section */

/* Begin PBXFileReference section */
		BF1D5C6E22B029DB0062F474 /* Roxas.xcodeproj */ = {isa = PBXFileReference; lastKnownFileType = "wrapper.pb-project"; name = Roxas.xcodeproj; path = Dependencies/Roxas/Roxas.xcodeproj; sourceTree = "<group>"; };
		BFC1F39922AF0D0E003AC21A /* ClipboardManager.app */ = {isa = PBXFileReference; explicitFileType = wrapper.application; includeInIndex = 0; path = ClipboardManager.app; sourceTree = BUILT_PRODUCTS_DIR; };
		BFC1F39C22AF0D0E003AC21A /* AppDelegate.swift */ = {isa = PBXFileReference; lastKnownFileType = sourcecode.swift; path = AppDelegate.swift; sourceTree = "<group>"; };
		BFC1F39E22AF0D0E003AC21A /* ViewController.swift */ = {isa = PBXFileReference; lastKnownFileType = sourcecode.swift; path = ViewController.swift; sourceTree = "<group>"; };
		BFC1F3A122AF0D0E003AC21A /* Base */ = {isa = PBXFileReference; lastKnownFileType = file.storyboard; name = Base; path = Base.lproj/Main.storyboard; sourceTree = "<group>"; };
		BFC1F3A322AF0D0F003AC21A /* Assets.xcassets */ = {isa = PBXFileReference; lastKnownFileType = folder.assetcatalog; path = Assets.xcassets; sourceTree = "<group>"; };
		BFC1F3A622AF0D0F003AC21A /* Base */ = {isa = PBXFileReference; lastKnownFileType = file.storyboard; name = Base; path = Base.lproj/LaunchScreen.storyboard; sourceTree = "<group>"; };
		BFC1F3A822AF0D0F003AC21A /* Info.plist */ = {isa = PBXFileReference; lastKnownFileType = text.plist.xml; path = Info.plist; sourceTree = "<group>"; };
/* End PBXFileReference section */

/* Begin PBXFrameworksBuildPhase section */
		BFC1F39622AF0D0E003AC21A /* Frameworks */ = {
			isa = PBXFrameworksBuildPhase;
			buildActionMask = 2147483647;
			files = (
				BF1D5C7A22B029E70062F474 /* Roxas.framework in Frameworks */,
			);
			runOnlyForDeploymentPostprocessing = 0;
		};
/* End PBXFrameworksBuildPhase section */

/* Begin PBXGroup section */
		BF1D5C6722B029090062F474 /* Dependencies */ = {
			isa = PBXGroup;
			children = (
				BF1D5C6E22B029DB0062F474 /* Roxas.xcodeproj */,
			);
			name = Dependencies;
			sourceTree = "<group>";
		};
		BF1D5C6F22B029DB0062F474 /* Products */ = {
			isa = PBXGroup;
			children = (
				BF1D5C7522B029DC0062F474 /* Roxas.framework */,
				BF1D5C7722B029DC0062F474 /* Roxas.framework */,
				BF1D5C7922B029DC0062F474 /* RoxasTests.xctest */,
			);
			name = Products;
			sourceTree = "<group>";
		};
		BFC1F39022AF0D0E003AC21A = {
			isa = PBXGroup;
			children = (
				BFC1F39B22AF0D0E003AC21A /* ClipboardManager */,
				BF1D5C6722B029090062F474 /* Dependencies */,
				BFC1F39A22AF0D0E003AC21A /* Products */,
			);
			sourceTree = "<group>";
		};
		BFC1F39A22AF0D0E003AC21A /* Products */ = {
			isa = PBXGroup;
			children = (
				BFC1F39922AF0D0E003AC21A /* ClipboardManager.app */,
			);
			name = Products;
			sourceTree = "<group>";
		};
		BFC1F39B22AF0D0E003AC21A /* ClipboardManager */ = {
			isa = PBXGroup;
			children = (
				BFC1F39C22AF0D0E003AC21A /* AppDelegate.swift */,
				BFC1F39E22AF0D0E003AC21A /* ViewController.swift */,
				BFC1F3A022AF0D0E003AC21A /* Main.storyboard */,
				BFC1F3A322AF0D0F003AC21A /* Assets.xcassets */,
				BFC1F3A522AF0D0F003AC21A /* LaunchScreen.storyboard */,
				BFC1F3A822AF0D0F003AC21A /* Info.plist */,
			);
			path = ClipboardManager;
			sourceTree = "<group>";
		};
/* End PBXGroup section */

/* Begin PBXNativeTarget section */
		BFC1F39822AF0D0E003AC21A /* ClipboardManager */ = {
			isa = PBXNativeTarget;
			buildConfigurationList = BFC1F3AB22AF0D0F003AC21A /* Build configuration list for PBXNativeTarget "ClipboardManager" */;
			buildPhases = (
				BFC1F39522AF0D0E003AC21A /* Sources */,
				BFC1F39622AF0D0E003AC21A /* Frameworks */,
				BFC1F39722AF0D0E003AC21A /* Resources */,
				BF1D5C6D22B029190062F474 /* Embed Frameworks */,
			);
			buildRules = (
			);
			dependencies = (
				BF1D5C7D22B029E80062F474 /* PBXTargetDependency */,
			);
			name = ClipboardManager;
			productName = ClipboardManager;
			productReference = BFC1F39922AF0D0E003AC21A /* ClipboardManager.app */;
			productType = "com.apple.product-type.application";
		};
/* End PBXNativeTarget section */

/* Begin PBXProject section */
		BFC1F39122AF0D0E003AC21A /* Project object */ = {
			isa = PBXProject;
			attributes = {
				LastSwiftUpdateCheck = 1020;
				LastUpgradeCheck = 1020;
				ORGANIZATIONNAME = "Riley Testut";
				TargetAttributes = {
					BFC1F39822AF0D0E003AC21A = {
						CreatedOnToolsVersion = 10.2.1;
					};
				};
			};
			buildConfigurationList = BFC1F39422AF0D0E003AC21A /* Build configuration list for PBXProject "ClipboardManager" */;
			compatibilityVersion = "Xcode 9.3";
			developmentRegion = en;
			hasScannedForEncodings = 0;
			knownRegions = (
				en,
				Base,
			);
			mainGroup = BFC1F39022AF0D0E003AC21A;
			productRefGroup = BFC1F39A22AF0D0E003AC21A /* Products */;
			projectDirPath = "";
			projectReferences = (
				{
					ProductGroup = BF1D5C6F22B029DB0062F474 /* Products */;
					ProjectRef = BF1D5C6E22B029DB0062F474 /* Roxas.xcodeproj */;
				},
			);
			projectRoot = "";
			targets = (
				BFC1F39822AF0D0E003AC21A /* ClipboardManager */,
			);
		};
/* End PBXProject section */

/* Begin PBXReferenceProxy section */
		BF1D5C7522B029DC0062F474 /* Roxas.framework */ = {
			isa = PBXReferenceProxy;
			fileType = wrapper.framework;
			path = Roxas.framework;
			remoteRef = BF1D5C7422B029DC0062F474 /* PBXContainerItemProxy */;
			sourceTree = BUILT_PRODUCTS_DIR;
		};
		BF1D5C7722B029DC0062F474 /* Roxas.framework */ = {
			isa = PBXReferenceProxy;
			fileType = wrapper.framework;
			path = Roxas.framework;
			remoteRef = BF1D5C7622B029DC0062F474 /* PBXContainerItemProxy */;
			sourceTree = BUILT_PRODUCTS_DIR;
		};
		BF1D5C7922B029DC0062F474 /* RoxasTests.xctest */ = {
			isa = PBXReferenceProxy;
			fileType = wrapper.cfbundle;
			path = RoxasTests.xctest;
			remoteRef = BF1D5C7822B029DC0062F474 /* PBXContainerItemProxy */;
			sourceTree = BUILT_PRODUCTS_DIR;
		};
/* End PBXReferenceProxy section */

/* Begin PBXResourcesBuildPhase section */
		BFC1F39722AF0D0E003AC21A /* Resources */ = {
			isa = PBXResourcesBuildPhase;
			buildActionMask = 2147483647;
			files = (
				BFC1F3A722AF0D0F003AC21A /* LaunchScreen.storyboard in Resources */,
				BFC1F3A422AF0D0F003AC21A /* Assets.xcassets in Resources */,
				BFC1F3A222AF0D0E003AC21A /* Main.storyboard in Resources */,
			);
			runOnlyForDeploymentPostprocessing = 0;
		};
/* End PBXResourcesBuildPhase section */

/* Begin PBXSourcesBuildPhase section */
		BFC1F39522AF0D0E003AC21A /* Sources */ = {
			isa = PBXSourcesBuildPhase;
			buildActionMask = 2147483647;
			files = (
				BFC1F39F22AF0D0E003AC21A /* ViewController.swift in Sources */,
				BFC1F39D22AF0D0E003AC21A /* AppDelegate.swift in Sources */,
			);
			runOnlyForDeploymentPostprocessing = 0;
		};
/* End PBXSourcesBuildPhase section */

/* Begin PBXTargetDependency section */
		BF1D5C7D22B029E80062F474 /* PBXTargetDependency */ = {
			isa = PBXTargetDependency;
			name = Roxas;
			targetProxy = BF1D5C7C22B029E80062F474 /* PBXContainerItemProxy */;
		};
/* End PBXTargetDependency section */

/* Begin PBXVariantGroup section */
		BFC1F3A022AF0D0E003AC21A /* Main.storyboard */ = {
			isa = PBXVariantGroup;
			children = (
				BFC1F3A122AF0D0E003AC21A /* Base */,
			);
			name = Main.storyboard;
			sourceTree = "<group>";
		};
		BFC1F3A522AF0D0F003AC21A /* LaunchScreen.storyboard */ = {
			isa = PBXVariantGroup;
			children = (
				BFC1F3A622AF0D0F003AC21A /* Base */,
			);
			name = LaunchScreen.storyboard;
			sourceTree = "<group>";
		};
/* End PBXVariantGroup section */

/* Begin XCBuildConfiguration section */
		BFC1F3A922AF0D0F003AC21A /* Debug */ = {
			isa = XCBuildConfiguration;
			buildSettings = {
				ALWAYS_SEARCH_USER_PATHS = NO;
				CLANG_ANALYZER_NONNULL = YES;
				CLANG_ANALYZER_NUMBER_OBJECT_CONVERSION = YES_AGGRESSIVE;
				CLANG_CXX_LANGUAGE_STANDARD = "gnu++14";
				CLANG_CXX_LIBRARY = "libc++";
				CLANG_ENABLE_MODULES = YES;
				CLANG_ENABLE_OBJC_ARC = YES;
				CLANG_ENABLE_OBJC_WEAK = YES;
				CLANG_WARN_BLOCK_CAPTURE_AUTORELEASING = YES;
				CLANG_WARN_BOOL_CONVERSION = YES;
				CLANG_WARN_COMMA = YES;
				CLANG_WARN_CONSTANT_CONVERSION = YES;
				CLANG_WARN_DEPRECATED_OBJC_IMPLEMENTATIONS = YES;
				CLANG_WARN_DIRECT_OBJC_ISA_USAGE = YES_ERROR;
				CLANG_WARN_DOCUMENTATION_COMMENTS = YES;
				CLANG_WARN_EMPTY_BODY = YES;
				CLANG_WARN_ENUM_CONVERSION = YES;
				CLANG_WARN_INFINITE_RECURSION = YES;
				CLANG_WARN_INT_CONVERSION = YES;
				CLANG_WARN_NON_LITERAL_NULL_CONVERSION = YES;
				CLANG_WARN_OBJC_IMPLICIT_RETAIN_SELF = YES;
				CLANG_WARN_OBJC_LITERAL_CONVERSION = YES;
				CLANG_WARN_OBJC_ROOT_CLASS = YES_ERROR;
				CLANG_WARN_RANGE_LOOP_ANALYSIS = YES;
				CLANG_WARN_STRICT_PROTOTYPES = YES;
				CLANG_WARN_SUSPICIOUS_MOVE = YES;
				CLANG_WARN_UNGUARDED_AVAILABILITY = YES_AGGRESSIVE;
				CLANG_WARN_UNREACHABLE_CODE = YES;
				CLANG_WARN__DUPLICATE_METHOD_MATCH = YES;
				CODE_SIGN_IDENTITY = "iPhone Developer";
				COPY_PHASE_STRIP = NO;
				DEBUG_INFORMATION_FORMAT = dwarf;
				ENABLE_STRICT_OBJC_MSGSEND = YES;
				ENABLE_TESTABILITY = YES;
				GCC_C_LANGUAGE_STANDARD = gnu11;
				GCC_DYNAMIC_NO_PIC = NO;
				GCC_NO_COMMON_BLOCKS = YES;
				GCC_OPTIMIZATION_LEVEL = 0;
				GCC_PREPROCESSOR_DEFINITIONS = (
					"DEBUG=1",
					"$(inherited)",
				);
				GCC_WARN_64_TO_32_BIT_CONVERSION = YES;
				GCC_WARN_ABOUT_RETURN_TYPE = YES_ERROR;
				GCC_WARN_UNDECLARED_SELECTOR = YES;
				GCC_WARN_UNINITIALIZED_AUTOS = YES_AGGRESSIVE;
				GCC_WARN_UNUSED_FUNCTION = YES;
				GCC_WARN_UNUSED_VARIABLE = YES;
				IPHONEOS_DEPLOYMENT_TARGET = 12.2;
				MTL_ENABLE_DEBUG_INFO = INCLUDE_SOURCE;
				MTL_FAST_MATH = YES;
				ONLY_ACTIVE_ARCH = YES;
				SDKROOT = iphoneos;
				SWIFT_ACTIVE_COMPILATION_CONDITIONS = DEBUG;
				SWIFT_OPTIMIZATION_LEVEL = "-Onone";
			};
			name = Debug;
		};
		BFC1F3AA22AF0D0F003AC21A /* Release */ = {
			isa = XCBuildConfiguration;
			buildSettings = {
				ALWAYS_SEARCH_USER_PATHS = NO;
				CLANG_ANALYZER_NONNULL = YES;
				CLANG_ANALYZER_NUMBER_OBJECT_CONVERSION = YES_AGGRESSIVE;
				CLANG_CXX_LANGUAGE_STANDARD = "gnu++14";
				CLANG_CXX_LIBRARY = "libc++";
				CLANG_ENABLE_MODULES = YES;
				CLANG_ENABLE_OBJC_ARC = YES;
				CLANG_ENABLE_OBJC_WEAK = YES;
				CLANG_WARN_BLOCK_CAPTURE_AUTORELEASING = YES;
				CLANG_WARN_BOOL_CONVERSION = YES;
				CLANG_WARN_COMMA = YES;
				CLANG_WARN_CONSTANT_CONVERSION = YES;
				CLANG_WARN_DEPRECATED_OBJC_IMPLEMENTATIONS = YES;
				CLANG_WARN_DIRECT_OBJC_ISA_USAGE = YES_ERROR;
				CLANG_WARN_DOCUMENTATION_COMMENTS = YES;
				CLANG_WARN_EMPTY_BODY = YES;
				CLANG_WARN_ENUM_CONVERSION = YES;
				CLANG_WARN_INFINITE_RECURSION = YES;
				CLANG_WARN_INT_CONVERSION = YES;
				CLANG_WARN_NON_LITERAL_NULL_CONVERSION = YES;
				CLANG_WARN_OBJC_IMPLICIT_RETAIN_SELF = YES;
				CLANG_WARN_OBJC_LITERAL_CONVERSION = YES;
				CLANG_WARN_OBJC_ROOT_CLASS = YES_ERROR;
				CLANG_WARN_RANGE_LOOP_ANALYSIS = YES;
				CLANG_WARN_STRICT_PROTOTYPES = YES;
				CLANG_WARN_SUSPICIOUS_MOVE = YES;
				CLANG_WARN_UNGUARDED_AVAILABILITY = YES_AGGRESSIVE;
				CLANG_WARN_UNREACHABLE_CODE = YES;
				CLANG_WARN__DUPLICATE_METHOD_MATCH = YES;
				CODE_SIGN_IDENTITY = "iPhone Developer";
				COPY_PHASE_STRIP = NO;
				DEBUG_INFORMATION_FORMAT = "dwarf-with-dsym";
				ENABLE_NS_ASSERTIONS = NO;
				ENABLE_STRICT_OBJC_MSGSEND = YES;
				GCC_C_LANGUAGE_STANDARD = gnu11;
				GCC_NO_COMMON_BLOCKS = YES;
				GCC_WARN_64_TO_32_BIT_CONVERSION = YES;
				GCC_WARN_ABOUT_RETURN_TYPE = YES_ERROR;
				GCC_WARN_UNDECLARED_SELECTOR = YES;
				GCC_WARN_UNINITIALIZED_AUTOS = YES_AGGRESSIVE;
				GCC_WARN_UNUSED_FUNCTION = YES;
				GCC_WARN_UNUSED_VARIABLE = YES;
				IPHONEOS_DEPLOYMENT_TARGET = 12.2;
				MTL_ENABLE_DEBUG_INFO = NO;
				MTL_FAST_MATH = YES;
				SDKROOT = iphoneos;
				SWIFT_COMPILATION_MODE = wholemodule;
				SWIFT_OPTIMIZATION_LEVEL = "-O";
				VALIDATE_PRODUCT = YES;
			};
			name = Release;
		};
		BFC1F3AC22AF0D0F003AC21A /* Debug */ = {
			isa = XCBuildConfiguration;
			buildSettings = {
				ASSETCATALOG_COMPILER_APPICON_NAME = AppIcon;
				CODE_SIGN_STYLE = Automatic;
				DEVELOPMENT_TEAM = 6XVY5G3U44;
				INFOPLIST_FILE = ClipboardManager/Info.plist;
				LD_RUNPATH_SEARCH_PATHS = (
					"$(inherited)",
					"@executable_path/Frameworks",
				);
				PRODUCT_BUNDLE_IDENTIFIER = com.rileytestut.ClipboardManager;
				PRODUCT_NAME = "$(TARGET_NAME)";
				SWIFT_VERSION = 5.0;
				TARGETED_DEVICE_FAMILY = 1;
			};
			name = Debug;
		};
		BFC1F3AD22AF0D0F003AC21A /* Release */ = {
			isa = XCBuildConfiguration;
			buildSettings = {
				ASSETCATALOG_COMPILER_APPICON_NAME = AppIcon;
				CODE_SIGN_STYLE = Automatic;
				DEVELOPMENT_TEAM = 6XVY5G3U44;
				INFOPLIST_FILE = ClipboardManager/Info.plist;
				LD_RUNPATH_SEARCH_PATHS = (
					"$(inherited)",
					"@executable_path/Frameworks",
				);
				PRODUCT_BUNDLE_IDENTIFIER = com.rileytestut.ClipboardManager;
				PRODUCT_NAME = "$(TARGET_NAME)";
				SWIFT_VERSION = 5.0;
				TARGETED_DEVICE_FAMILY = 1;
			};
			name = Release;
		};
/* End XCBuildConfiguration section */

/* Begin XCConfigurationList section */
		BFC1F39422AF0D0E003AC21A /* Build configuration list for PBXProject "ClipboardManager" */ = {
			isa = XCConfigurationList;
			buildConfigurations = (
				BFC1F3A922AF0D0F003AC21A /* Debug */,
				BFC1F3AA22AF0D0F003AC21A /* Release */,
			);
			defaultConfigurationIsVisible = 0;
			defaultConfigurationName = Release;
		};
		BFC1F3AB22AF0D0F003AC21A /* Build configuration list for PBXNativeTarget "ClipboardManager" */ = {
			isa = XCConfigurationList;
			buildConfigurations = (
				BFC1F3AC22AF0D0F003AC21A /* Debug */,
				BFC1F3AD22AF0D0F003AC21A /* Release */,
			);
			defaultConfigurationIsVisible = 0;
			defaultConfigurationName = Release;
		};
/* End XCConfigurationList section */
	};
	rootObject = BFC1F39122AF0D0E003AC21A /* Project object */;
}
