// !$*UTF8*$!
{
	archiveVersion = 1;
	classes = {
	};
	objectVersion = 50;
	objects = {

/* Begin PBXBuildFile section */
		BF0BDE5122B4414A00E1419D /* UTI.swift in Sources */ = {isa = PBXBuildFile; fileRef = BF0BDE5022B4414A00E1419D /* UTI.swift */; };
		BF0BDE5622B456A600E1419D /* PasteboardItem+ActivityItemSource.swift in Sources */ = {isa = PBXBuildFile; fileRef = BF0BDE5522B456A600E1419D /* PasteboardItem+ActivityItemSource.swift */; };
		BF0BDE5A22B4771300E1419D /* SettingsViewController.swift in Sources */ = {isa = PBXBuildFile; fileRef = BF0BDE5922B4771300E1419D /* SettingsViewController.swift */; };
		BF0BDE5E22B47D4900E1419D /* UserDefaults+App.swift in Sources */ = {isa = PBXBuildFile; fileRef = BF0BDE5722B4757100E1419D /* UserDefaults+App.swift */; };
		BF1D5C7A22B029E70062F474 /* Roxas.framework in Frameworks */ = {isa = PBXBuildFile; fileRef = BF1D5C7522B029DC0062F474 /* Roxas.framework */; };
		BF1D5C7B22B029E70062F474 /* Roxas.framework in Embed Frameworks */ = {isa = PBXBuildFile; fileRef = BF1D5C7522B029DC0062F474 /* Roxas.framework */; settings = {ATTRIBUTES = (CodeSignOnCopy, RemoveHeadersOnCopy, ); }; };
		BF1D5C7F22B02BF30062F474 /* PasteboardMonitor.swift in Sources */ = {isa = PBXBuildFile; fileRef = BF1D5C7E22B02BF30062F474 /* PasteboardMonitor.swift */; };
		BF50E7D922C2BF010070E17B /* Bundle+AppGroups.swift in Sources */ = {isa = PBXBuildFile; fileRef = BF50E7D822C2BF010070E17B /* Bundle+AppGroups.swift */; };
		BF770E6522BC7688002A40FE /* UIDevice+Vibration.swift in Sources */ = {isa = PBXBuildFile; fileRef = BF770E6122BC767A002A40FE /* UIDevice+Vibration.swift */; };
		BF7B9EE122B81C980042C873 /* Int+Bytes.swift in Sources */ = {isa = PBXBuildFile; fileRef = BF7B9EE022B81C980042C873 /* Int+Bytes.swift */; };
		BFA714BA22C53F1700EE7236 /* ApplicationMonitor.swift in Sources */ = {isa = PBXBuildFile; fileRef = BFA714B922C53F1700EE7236 /* ApplicationMonitor.swift */; };
		BFAC49D322B2EDA80011E7C4 /* ClippingTableViewCell.xib in Resources */ = {isa = PBXBuildFile; fileRef = BFAC49D222B2EDA80011E7C4 /* ClippingTableViewCell.xib */; };
		BFAC49D522B2EDB20011E7C4 /* ClippingTableViewCell.swift in Sources */ = {isa = PBXBuildFile; fileRef = BFAC49D422B2EDB20011E7C4 /* ClippingTableViewCell.swift */; };
		BFAC49E022B40EC90011E7C4 /* AudioToolbox.framework in Frameworks */ = {isa = PBXBuildFile; fileRef = BFAC49DF22B40EC90011E7C4 /* AudioToolbox.framework */; };
		BFC176FD2399BC4F0058AC51 /* UserNotifications.framework in Frameworks */ = {isa = PBXBuildFile; fileRef = BF69A53F2395D44600CF838A /* UserNotifications.framework */; };
		BFC176FE2399BC4F0058AC51 /* UserNotificationsUI.framework in Frameworks */ = {isa = PBXBuildFile; fileRef = BF69A5412395D44700CF838A /* UserNotificationsUI.framework */; };
		BFC177012399BC4F0058AC51 /* NotificationViewController.swift in Sources */ = {isa = PBXBuildFile; fileRef = BFC177002399BC4F0058AC51 /* NotificationViewController.swift */; };
		BFC177042399BC4F0058AC51 /* MainInterface.storyboard in Resources */ = {isa = PBXBuildFile; fileRef = BFC177022399BC4F0058AC51 /* MainInterface.storyboard */; };
		BFC177082399BC4F0058AC51 /* ClipboardReader.appex in Embed App Extensions */ = {isa = PBXBuildFile; fileRef = BFC176FC2399BC4F0058AC51 /* ClipboardReader.appex */; settings = {ATTRIBUTES = (RemoveHeadersOnCopy, ); }; };
		BFC1F39D22AF0D0E003AC21A /* AppDelegate.swift in Sources */ = {isa = PBXBuildFile; fileRef = BFC1F39C22AF0D0E003AC21A /* AppDelegate.swift */; };
		BFC1F39F22AF0D0E003AC21A /* HistoryViewController.swift in Sources */ = {isa = PBXBuildFile; fileRef = BFC1F39E22AF0D0E003AC21A /* HistoryViewController.swift */; };
		BFC1F3A222AF0D0E003AC21A /* Main.storyboard in Resources */ = {isa = PBXBuildFile; fileRef = BFC1F3A022AF0D0E003AC21A /* Main.storyboard */; };
		BFC1F3A422AF0D0F003AC21A /* Assets.xcassets in Resources */ = {isa = PBXBuildFile; fileRef = BFC1F3A322AF0D0F003AC21A /* Assets.xcassets */; };
		BFC1F3A722AF0D0F003AC21A /* LaunchScreen.storyboard in Resources */ = {isa = PBXBuildFile; fileRef = BFC1F3A522AF0D0F003AC21A /* LaunchScreen.storyboard */; };
		BFC9E64A22B1974700974663 /* AudioEngine.swift in Sources */ = {isa = PBXBuildFile; fileRef = BFC9E64922B1974700974663 /* AudioEngine.swift */; };
		BFC9E65422B1A22700974663 /* ClipKit.h in Headers */ = {isa = PBXBuildFile; fileRef = BFC9E65222B1A22700974663 /* ClipKit.h */; settings = {ATTRIBUTES = (Public, ); }; };
		BFC9E65722B1A22700974663 /* ClipKit.framework in Frameworks */ = {isa = PBXBuildFile; fileRef = BFC9E65022B1A22700974663 /* ClipKit.framework */; };
		BFC9E65822B1A22700974663 /* ClipKit.framework in Embed Frameworks */ = {isa = PBXBuildFile; fileRef = BFC9E65022B1A22700974663 /* ClipKit.framework */; settings = {ATTRIBUTES = (CodeSignOnCopy, RemoveHeadersOnCopy, ); }; };
		BFC9E66222B1B03900974663 /* DatabaseManager.swift in Sources */ = {isa = PBXBuildFile; fileRef = BF1D5D4622B0869C0062F474 /* DatabaseManager.swift */; };
		BFC9E66322B1B03C00974663 /* PasteboardItem.swift in Sources */ = {isa = PBXBuildFile; fileRef = BF1D5D4A22B094DB0062F474 /* PasteboardItem.swift */; };
		BFC9E66422B1B03C00974663 /* PasteboardItemRepresentation.swift in Sources */ = {isa = PBXBuildFile; fileRef = BF1D5D4822B088F40062F474 /* PasteboardItemRepresentation.swift */; };
		BFC9E66522B1B04000974663 /* Model.xcdatamodeld in Sources */ = {isa = PBXBuildFile; fileRef = BF1D5D4322B0867C0062F474 /* Model.xcdatamodeld */; };
		BFC9E66622B1B1E600974663 /* Roxas.framework in Frameworks */ = {isa = PBXBuildFile; fileRef = BF1D5C7522B029DC0062F474 /* Roxas.framework */; };
		BFC9E66B22B1CE5B00974663 /* Silence.m4a in Resources */ = {isa = PBXBuildFile; fileRef = BFC9E66A22B1CE5B00974663 /* Silence.m4a */; };
		BFC9E67222B2C4C500974663 /* Result+Conveniences.swift in Sources */ = {isa = PBXBuildFile; fileRef = BFC9E67122B2C4C400974663 /* Result+Conveniences.swift */; };
		BFC9E67C22B2CA4400974663 /* CFNotification+PasteboardListener.swift in Sources */ = {isa = PBXBuildFile; fileRef = BFC9E67B22B2CA4400974663 /* CFNotification+PasteboardListener.swift */; };
		BFDB5B1E22EF7B5000F74113 /* GradientView.swift in Sources */ = {isa = PBXBuildFile; fileRef = BFDB5B1D22EF7B5000F74113 /* GradientView.swift */; };
		BFDB5B2222EF8E0F00F74113 /* UIColor+Clip.swift in Sources */ = {isa = PBXBuildFile; fileRef = BFDB5B2122EF8E0F00F74113 /* UIColor+Clip.swift */; };
		BFEF44AE2398693300095A92 /* ForwardingNavigationController.swift in Sources */ = {isa = PBXBuildFile; fileRef = BFEF44AB2398693300095A92 /* ForwardingNavigationController.swift */; };
/* End PBXBuildFile section */

/* Begin PBXContainerItemProxy section */
		BF1D5C7422B029DC0062F474 /* PBXContainerItemProxy */ = {
			isa = PBXContainerItemProxy;
			containerPortal = BF1D5C6E22B029DB0062F474 /* Roxas.xcodeproj */;
			proxyType = 2;
			remoteGlobalIDString = BFADAFF819AE7BB70050CF31;
			remoteInfo = Roxas;
		};
		BF1D5C7622B029DC0062F474 /* PBXContainerItemProxy */ = {
			isa = PBXContainerItemProxy;
			containerPortal = BF1D5C6E22B029DB0062F474 /* Roxas.xcodeproj */;
			proxyType = 2;
			remoteGlobalIDString = BF8624801BB742E700C12EEE;
			remoteInfo = RoxasTV;
		};
		BF1D5C7822B029DC0062F474 /* PBXContainerItemProxy */ = {
			isa = PBXContainerItemProxy;
			containerPortal = BF1D5C6E22B029DB0062F474 /* Roxas.xcodeproj */;
			proxyType = 2;
			remoteGlobalIDString = BFADB00319AE7BB80050CF31;
			remoteInfo = RoxasTests;
		};
		BF1D5C7C22B029E80062F474 /* PBXContainerItemProxy */ = {
			isa = PBXContainerItemProxy;
			containerPortal = BF1D5C6E22B029DB0062F474 /* Roxas.xcodeproj */;
			proxyType = 1;
			remoteGlobalIDString = BFADAFF719AE7BB70050CF31;
			remoteInfo = Roxas;
		};
		BFC177062399BC4F0058AC51 /* PBXContainerItemProxy */ = {
			isa = PBXContainerItemProxy;
			containerPortal = BFC1F39122AF0D0E003AC21A /* Project object */;
			proxyType = 1;
			remoteGlobalIDString = BFC176FB2399BC4F0058AC51;
			remoteInfo = ClipboardReader;
		};
		BFC9E65522B1A22700974663 /* PBXContainerItemProxy */ = {
			isa = PBXContainerItemProxy;
			containerPortal = BFC1F39122AF0D0E003AC21A /* Project object */;
			proxyType = 1;
			remoteGlobalIDString = BFC9E64F22B1A22700974663;
			remoteInfo = ClipKit;
		};
/* End PBXContainerItemProxy section */

/* Begin PBXCopyFilesBuildPhase section */
		BF1D5C6D22B029190062F474 /* Embed Frameworks */ = {
			isa = PBXCopyFilesBuildPhase;
			buildActionMask = 2147483647;
			dstPath = "";
			dstSubfolderSpec = 10;
			files = (
				BF1D5C7B22B029E70062F474 /* Roxas.framework in Embed Frameworks */,
				BFC9E65822B1A22700974663 /* ClipKit.framework in Embed Frameworks */,
			);
			name = "Embed Frameworks";
			runOnlyForDeploymentPostprocessing = 0;
		};
		BF1D5C9C22B042870062F474 /* Embed App Extensions */ = {
			isa = PBXCopyFilesBuildPhase;
			buildActionMask = 2147483647;
			dstPath = "";
			dstSubfolderSpec = 13;
			files = (
				BFC177082399BC4F0058AC51 /* ClipboardReader.appex in Embed App Extensions */,
			);
			name = "Embed App Extensions";
			runOnlyForDeploymentPostprocessing = 0;
		};
/* End PBXCopyFilesBuildPhase section */

/* Begin PBXFileReference section */
		BF0BDE5022B4414A00E1419D /* UTI.swift */ = {isa = PBXFileReference; lastKnownFileType = sourcecode.swift; path = UTI.swift; sourceTree = "<group>"; };
		BF0BDE5522B456A600E1419D /* PasteboardItem+ActivityItemSource.swift */ = {isa = PBXFileReference; lastKnownFileType = sourcecode.swift; path = "PasteboardItem+ActivityItemSource.swift"; sourceTree = "<group>"; };
		BF0BDE5722B4757100E1419D /* UserDefaults+App.swift */ = {isa = PBXFileReference; lastKnownFileType = sourcecode.swift; path = "UserDefaults+App.swift"; sourceTree = "<group>"; };
		BF0BDE5922B4771300E1419D /* SettingsViewController.swift */ = {isa = PBXFileReference; lastKnownFileType = sourcecode.swift; path = SettingsViewController.swift; sourceTree = "<group>"; };
		BF1D5C6E22B029DB0062F474 /* Roxas.xcodeproj */ = {isa = PBXFileReference; lastKnownFileType = "wrapper.pb-project"; name = Roxas.xcodeproj; path = Dependencies/Roxas/Roxas.xcodeproj; sourceTree = "<group>"; };
		BF1D5C7E22B02BF30062F474 /* PasteboardMonitor.swift */ = {isa = PBXFileReference; lastKnownFileType = sourcecode.swift; path = PasteboardMonitor.swift; sourceTree = "<group>"; };
		BF1D5D4422B0867C0062F474 /* Model.xcdatamodel */ = {isa = PBXFileReference; lastKnownFileType = wrapper.xcdatamodel; path = Model.xcdatamodel; sourceTree = "<group>"; };
		BF1D5D4622B0869C0062F474 /* DatabaseManager.swift */ = {isa = PBXFileReference; lastKnownFileType = sourcecode.swift; path = DatabaseManager.swift; sourceTree = "<group>"; };
		BF1D5D4822B088F40062F474 /* PasteboardItemRepresentation.swift */ = {isa = PBXFileReference; lastKnownFileType = sourcecode.swift; path = PasteboardItemRepresentation.swift; sourceTree = "<group>"; };
		BF1D5D4A22B094DB0062F474 /* PasteboardItem.swift */ = {isa = PBXFileReference; lastKnownFileType = sourcecode.swift; path = PasteboardItem.swift; sourceTree = "<group>"; };
		BF50E7D822C2BF010070E17B /* Bundle+AppGroups.swift */ = {isa = PBXFileReference; lastKnownFileType = sourcecode.swift; path = "Bundle+AppGroups.swift"; sourceTree = "<group>"; };
		BF69A53F2395D44600CF838A /* UserNotifications.framework */ = {isa = PBXFileReference; lastKnownFileType = wrapper.framework; name = UserNotifications.framework; path = System/Library/Frameworks/UserNotifications.framework; sourceTree = SDKROOT; };
		BF69A5412395D44700CF838A /* UserNotificationsUI.framework */ = {isa = PBXFileReference; lastKnownFileType = wrapper.framework; name = UserNotificationsUI.framework; path = System/Library/Frameworks/UserNotificationsUI.framework; sourceTree = SDKROOT; };
		BF770E6122BC767A002A40FE /* UIDevice+Vibration.swift */ = {isa = PBXFileReference; fileEncoding = 4; lastKnownFileType = sourcecode.swift; path = "UIDevice+Vibration.swift"; sourceTree = "<group>"; };
		BF7B9EE022B81C980042C873 /* Int+Bytes.swift */ = {isa = PBXFileReference; lastKnownFileType = sourcecode.swift; path = "Int+Bytes.swift"; sourceTree = "<group>"; };
		BFA714B922C53F1700EE7236 /* ApplicationMonitor.swift */ = {isa = PBXFileReference; lastKnownFileType = sourcecode.swift; path = ApplicationMonitor.swift; sourceTree = "<group>"; };
		BFAC49D222B2EDA80011E7C4 /* ClippingTableViewCell.xib */ = {isa = PBXFileReference; lastKnownFileType = file.xib; path = ClippingTableViewCell.xib; sourceTree = "<group>"; };
		BFAC49D422B2EDB20011E7C4 /* ClippingTableViewCell.swift */ = {isa = PBXFileReference; lastKnownFileType = sourcecode.swift; path = ClippingTableViewCell.swift; sourceTree = "<group>"; };
		BFAC49DF22B40EC90011E7C4 /* AudioToolbox.framework */ = {isa = PBXFileReference; lastKnownFileType = wrapper.framework; name = AudioToolbox.framework; path = System/Library/Frameworks/AudioToolbox.framework; sourceTree = SDKROOT; };
		BFC176FC2399BC4F0058AC51 /* ClipboardReader.appex */ = {isa = PBXFileReference; explicitFileType = "wrapper.app-extension"; includeInIndex = 0; path = ClipboardReader.appex; sourceTree = BUILT_PRODUCTS_DIR; };
		BFC177002399BC4F0058AC51 /* NotificationViewController.swift */ = {isa = PBXFileReference; lastKnownFileType = sourcecode.swift; path = NotificationViewController.swift; sourceTree = "<group>"; };
		BFC177032399BC4F0058AC51 /* Base */ = {isa = PBXFileReference; lastKnownFileType = file.storyboard; name = Base; path = Base.lproj/MainInterface.storyboard; sourceTree = "<group>"; };
		BFC177052399BC4F0058AC51 /* Info.plist */ = {isa = PBXFileReference; lastKnownFileType = text.plist.xml; path = Info.plist; sourceTree = "<group>"; };
		BFC1770C2399BCF90058AC51 /* ClipboardReader.entitlements */ = {isa = PBXFileReference; lastKnownFileType = text.plist.entitlements; path = ClipboardReader.entitlements; sourceTree = "<group>"; };
		BFC1F39922AF0D0E003AC21A /* Clip.app */ = {isa = PBXFileReference; explicitFileType = wrapper.application; includeInIndex = 0; path = Clip.app; sourceTree = BUILT_PRODUCTS_DIR; };
		BFC1F39C22AF0D0E003AC21A /* AppDelegate.swift */ = {isa = PBXFileReference; lastKnownFileType = sourcecode.swift; path = AppDelegate.swift; sourceTree = "<group>"; };
		BFC1F39E22AF0D0E003AC21A /* HistoryViewController.swift */ = {isa = PBXFileReference; lastKnownFileType = sourcecode.swift; path = HistoryViewController.swift; sourceTree = "<group>"; };
		BFC1F3A122AF0D0E003AC21A /* Base */ = {isa = PBXFileReference; lastKnownFileType = file.storyboard; name = Base; path = Base.lproj/Main.storyboard; sourceTree = "<group>"; };
		BFC1F3A322AF0D0F003AC21A /* Assets.xcassets */ = {isa = PBXFileReference; lastKnownFileType = folder.assetcatalog; path = Assets.xcassets; sourceTree = "<group>"; };
		BFC1F3A622AF0D0F003AC21A /* Base */ = {isa = PBXFileReference; lastKnownFileType = file.storyboard; name = Base; path = Base.lproj/LaunchScreen.storyboard; sourceTree = "<group>"; };
		BFC1F3A822AF0D0F003AC21A /* Info.plist */ = {isa = PBXFileReference; lastKnownFileType = text.plist.xml; path = Info.plist; sourceTree = "<group>"; };
		BFC9E62C22B18D5900974663 /* Clip.entitlements */ = {isa = PBXFileReference; lastKnownFileType = text.plist.entitlements; path = Clip.entitlements; sourceTree = "<group>"; };
		BFC9E64922B1974700974663 /* AudioEngine.swift */ = {isa = PBXFileReference; lastKnownFileType = sourcecode.swift; path = AudioEngine.swift; sourceTree = "<group>"; };
		BFC9E65022B1A22700974663 /* ClipKit.framework */ = {isa = PBXFileReference; explicitFileType = wrapper.framework; includeInIndex = 0; path = ClipKit.framework; sourceTree = BUILT_PRODUCTS_DIR; };
		BFC9E65222B1A22700974663 /* ClipKit.h */ = {isa = PBXFileReference; lastKnownFileType = sourcecode.c.h; path = ClipKit.h; sourceTree = "<group>"; };
		BFC9E65322B1A22700974663 /* Info.plist */ = {isa = PBXFileReference; lastKnownFileType = text.plist.xml; path = Info.plist; sourceTree = "<group>"; };
		BFC9E66A22B1CE5B00974663 /* Silence.m4a */ = {isa = PBXFileReference; lastKnownFileType = file; path = Silence.m4a; sourceTree = "<group>"; };
		BFC9E67122B2C4C400974663 /* Result+Conveniences.swift */ = {isa = PBXFileReference; fileEncoding = 4; lastKnownFileType = sourcecode.swift; path = "Result+Conveniences.swift"; sourceTree = "<group>"; };
		BFC9E67B22B2CA4400974663 /* CFNotification+PasteboardListener.swift */ = {isa = PBXFileReference; lastKnownFileType = sourcecode.swift; path = "CFNotification+PasteboardListener.swift"; sourceTree = "<group>"; };
		BFDB5B1D22EF7B5000F74113 /* GradientView.swift */ = {isa = PBXFileReference; fileEncoding = 4; lastKnownFileType = sourcecode.swift; path = GradientView.swift; sourceTree = "<group>"; };
		BFDB5B2122EF8E0F00F74113 /* UIColor+Clip.swift */ = {isa = PBXFileReference; lastKnownFileType = sourcecode.swift; path = "UIColor+Clip.swift"; sourceTree = "<group>"; };
		BFEF44AB2398693300095A92 /* ForwardingNavigationController.swift */ = {isa = PBXFileReference; fileEncoding = 4; lastKnownFileType = sourcecode.swift; path = ForwardingNavigationController.swift; sourceTree = "<group>"; };
/* End PBXFileReference section */

/* Begin PBXFrameworksBuildPhase section */
		BFC176F92399BC4F0058AC51 /* Frameworks */ = {
			isa = PBXFrameworksBuildPhase;
			buildActionMask = 2147483647;
			files = (
				BFC176FE2399BC4F0058AC51 /* UserNotificationsUI.framework in Frameworks */,
				BFC176FD2399BC4F0058AC51 /* UserNotifications.framework in Frameworks */,
			);
			runOnlyForDeploymentPostprocessing = 0;
		};
		BFC1F39622AF0D0E003AC21A /* Frameworks */ = {
			isa = PBXFrameworksBuildPhase;
			buildActionMask = 2147483647;
			files = (
				BF1D5C7A22B029E70062F474 /* Roxas.framework in Frameworks */,
				BFC9E65722B1A22700974663 /* ClipKit.framework in Frameworks */,
				BFAC49E022B40EC90011E7C4 /* AudioToolbox.framework in Frameworks */,
			);
			runOnlyForDeploymentPostprocessing = 0;
		};
		BFC9E64D22B1A22700974663 /* Frameworks */ = {
			isa = PBXFrameworksBuildPhase;
			buildActionMask = 2147483647;
			files = (
				BFC9E66622B1B1E600974663 /* Roxas.framework in Frameworks */,
			);
			runOnlyForDeploymentPostprocessing = 0;
		};
/* End PBXFrameworksBuildPhase section */

/* Begin PBXGroup section */
		BF0BDE5422B4568A00E1419D /* Extensions */ = {
			isa = PBXGroup;
			children = (
				BF0BDE5522B456A600E1419D /* PasteboardItem+ActivityItemSource.swift */,
				BF770E6122BC767A002A40FE /* UIDevice+Vibration.swift */,
				BFDB5B2122EF8E0F00F74113 /* UIColor+Clip.swift */,
			);
			path = Extensions;
			sourceTree = "<group>";
		};
		BF0BDE6622B4871400E1419D /* Settings */ = {
			isa = PBXGroup;
			children = (
				BF0BDE5922B4771300E1419D /* SettingsViewController.swift */,
			);
			path = Settings;
			sourceTree = "<group>";
		};
		BF1D5C6722B029090062F474 /* Dependencies */ = {
			isa = PBXGroup;
			children = (
				BF1D5C6E22B029DB0062F474 /* Roxas.xcodeproj */,
			);
			name = Dependencies;
			sourceTree = "<group>";
		};
		BF1D5C6F22B029DB0062F474 /* Products */ = {
			isa = PBXGroup;
			children = (
				BF1D5C7522B029DC0062F474 /* Roxas.framework */,
				BF1D5C7722B029DC0062F474 /* Roxas.framework */,
				BF1D5C7922B029DC0062F474 /* RoxasTests.xctest */,
			);
			name = Products;
			sourceTree = "<group>";
		};
		BF1D5C8122B038030062F474 /* Resources */ = {
			isa = PBXGroup;
			children = (
				BFC1F3A322AF0D0F003AC21A /* Assets.xcassets */,
				BFC9E66A22B1CE5B00974663 /* Silence.m4a */,
			);
			path = Resources;
			sourceTree = "<group>";
		};
		BF1D5C8522B038FE0062F474 /* Supporting Files */ = {
			isa = PBXGroup;
			children = (
				BFC1F3A522AF0D0F003AC21A /* LaunchScreen.storyboard */,
				BFC1F3A822AF0D0F003AC21A /* Info.plist */,
			);
			name = "Supporting Files";
			sourceTree = "<group>";
		};
		BF1D5CDF22B063E00062F474 /* Frameworks */ = {
			isa = PBXGroup;
			children = (
				BFAC49DF22B40EC90011E7C4 /* AudioToolbox.framework */,
				BF69A53F2395D44600CF838A /* UserNotifications.framework */,
				BF69A5412395D44700CF838A /* UserNotificationsUI.framework */,
			);
			name = Frameworks;
			sourceTree = "<group>";
		};
		BF1D5D4122B083210062F474 /* Pasteboard */ = {
			isa = PBXGroup;
			children = (
				BF1D5C7E22B02BF30062F474 /* PasteboardMonitor.swift */,
				BFC9E64922B1974700974663 /* AudioEngine.swift */,
			);
			path = Pasteboard;
			sourceTree = "<group>";
		};
		BFAC49D722B2EF170011E7C4 /* History */ = {
			isa = PBXGroup;
			children = (
				BFC1F39E22AF0D0E003AC21A /* HistoryViewController.swift */,
				BFAC49D422B2EDB20011E7C4 /* ClippingTableViewCell.swift */,
				BFAC49D222B2EDA80011E7C4 /* ClippingTableViewCell.xib */,
			);
			path = History;
			sourceTree = "<group>";
		};
		BFC176FF2399BC4F0058AC51 /* ClipboardReader */ = {
			isa = PBXGroup;
			children = (
				BFC1770C2399BCF90058AC51 /* ClipboardReader.entitlements */,
				BFC177002399BC4F0058AC51 /* NotificationViewController.swift */,
				BFC177022399BC4F0058AC51 /* MainInterface.storyboard */,
				BFC177052399BC4F0058AC51 /* Info.plist */,
			);
			path = ClipboardReader;
			sourceTree = "<group>";
		};
		BFC1F39022AF0D0E003AC21A = {
			isa = PBXGroup;
			children = (
				BFC1F39B22AF0D0E003AC21A /* Clip */,
				BFC9E65122B1A22700974663 /* ClipKit */,
				BFC176FF2399BC4F0058AC51 /* ClipboardReader */,
				BF1D5C6722B029090062F474 /* Dependencies */,
				BFC1F39A22AF0D0E003AC21A /* Products */,
				BF1D5CDF22B063E00062F474 /* Frameworks */,
			);
			sourceTree = "<group>";
		};
		BFC1F39A22AF0D0E003AC21A /* Products */ = {
			isa = PBXGroup;
			children = (
				BFC1F39922AF0D0E003AC21A /* Clip.app */,
				BFC9E65022B1A22700974663 /* ClipKit.framework */,
				BFC176FC2399BC4F0058AC51 /* ClipboardReader.appex */,
			);
			name = Products;
			sourceTree = "<group>";
		};
		BFC1F39B22AF0D0E003AC21A /* Clip */ = {
			isa = PBXGroup;
			children = (
				BFC9E62C22B18D5900974663 /* Clip.entitlements */,
				BFC1F39C22AF0D0E003AC21A /* AppDelegate.swift */,
				BFA714B922C53F1700EE7236 /* ApplicationMonitor.swift */,
				BFC1F3A022AF0D0E003AC21A /* Main.storyboard */,
				BFAC49D722B2EF170011E7C4 /* History */,
				BF0BDE6622B4871400E1419D /* Settings */,
				BF1D5D4122B083210062F474 /* Pasteboard */,
				BFDB5B2322EF8F9600F74113 /* Components */,
				BF0BDE5422B4568A00E1419D /* Extensions */,
				BF1D5C8122B038030062F474 /* Resources */,
				BF1D5C8522B038FE0062F474 /* Supporting Files */,
			);
			path = Clip;
			sourceTree = "<group>";
		};
		BFC9E65122B1A22700974663 /* ClipKit */ = {
			isa = PBXGroup;
			children = (
				BFC9E65222B1A22700974663 /* ClipKit.h */,
				BF0BDE5022B4414A00E1419D /* UTI.swift */,
				BFC9E67022B1DE0A00974663 /* Database */,
				BFC9E67322B2C6C500974663 /* Extensions */,
				BFC9E65322B1A22700974663 /* Info.plist */,
			);
			path = ClipKit;
			sourceTree = "<group>";
		};
		BFC9E67022B1DE0A00974663 /* Database */ = {
			isa = PBXGroup;
			children = (
				BF1D5D4622B0869C0062F474 /* DatabaseManager.swift */,
				BFC9E67A22B2C85C00974663 /* Model */,
			);
			path = Database;
			sourceTree = "<group>";
		};
		BFC9E67322B2C6C500974663 /* Extensions */ = {
			isa = PBXGroup;
			children = (
				BFC9E67B22B2CA4400974663 /* CFNotification+PasteboardListener.swift */,
				BFC9E67122B2C4C400974663 /* Result+Conveniences.swift */,
				BF0BDE5722B4757100E1419D /* UserDefaults+App.swift */,
				BF7B9EE022B81C980042C873 /* Int+Bytes.swift */,
				BF50E7D822C2BF010070E17B /* Bundle+AppGroups.swift */,
			);
			path = Extensions;
			sourceTree = "<group>";
		};
		BFC9E67A22B2C85C00974663 /* Model */ = {
			isa = PBXGroup;
			children = (
				BF1D5D4322B0867C0062F474 /* Model.xcdatamodeld */,
				BF1D5D4A22B094DB0062F474 /* PasteboardItem.swift */,
				BF1D5D4822B088F40062F474 /* PasteboardItemRepresentation.swift */,
			);
			path = Model;
			sourceTree = "<group>";
		};
		BFDB5B2322EF8F9600F74113 /* Components */ = {
			isa = PBXGroup;
			children = (
				BFDB5B1D22EF7B5000F74113 /* GradientView.swift */,
				BFEF44AB2398693300095A92 /* ForwardingNavigationController.swift */,
			);
			path = Components;
			sourceTree = "<group>";
		};
/* End PBXGroup section */

/* Begin PBXHeadersBuildPhase section */
		BFC9E64B22B1A22700974663 /* Headers */ = {
			isa = PBXHeadersBuildPhase;
			buildActionMask = 2147483647;
			files = (
				BFC9E65422B1A22700974663 /* ClipKit.h in Headers */,
			);
			runOnlyForDeploymentPostprocessing = 0;
		};
/* End PBXHeadersBuildPhase section */

/* Begin PBXNativeTarget section */
		BFC176FB2399BC4F0058AC51 /* ClipboardReader */ = {
			isa = PBXNativeTarget;
			buildConfigurationList = BFC177092399BC4F0058AC51 /* Build configuration list for PBXNativeTarget "ClipboardReader" */;
			buildPhases = (
				BFC176F82399BC4F0058AC51 /* Sources */,
				BFC176F92399BC4F0058AC51 /* Frameworks */,
				BFC176FA2399BC4F0058AC51 /* Resources */,
			);
			buildRules = (
			);
			dependencies = (
			);
			name = ClipboardReader;
			productName = ClipboardReader;
			productReference = BFC176FC2399BC4F0058AC51 /* ClipboardReader.appex */;
			productType = "com.apple.product-type.app-extension";
		};
		BFC1F39822AF0D0E003AC21A /* Clip */ = {
			isa = PBXNativeTarget;
			buildConfigurationList = BFC1F3AB22AF0D0F003AC21A /* Build configuration list for PBXNativeTarget "Clip" */;
			buildPhases = (
				BFC1F39522AF0D0E003AC21A /* Sources */,
				BFC1F39622AF0D0E003AC21A /* Frameworks */,
				BFC1F39722AF0D0E003AC21A /* Resources */,
				BF1D5C6D22B029190062F474 /* Embed Frameworks */,
				BF1D5C9C22B042870062F474 /* Embed App Extensions */,
			);
			buildRules = (
			);
			dependencies = (
				BF1D5C7D22B029E80062F474 /* PBXTargetDependency */,
				BFC9E65622B1A22700974663 /* PBXTargetDependency */,
				BFC177072399BC4F0058AC51 /* PBXTargetDependency */,
			);
			name = Clip;
			productName = ClipboardManager;
			productReference = BFC1F39922AF0D0E003AC21A /* Clip.app */;
			productType = "com.apple.product-type.application";
		};
		BFC9E64F22B1A22700974663 /* ClipKit */ = {
			isa = PBXNativeTarget;
			buildConfigurationList = BFC9E65922B1A22700974663 /* Build configuration list for PBXNativeTarget "ClipKit" */;
			buildPhases = (
				BFC9E64B22B1A22700974663 /* Headers */,
				BFC9E64C22B1A22700974663 /* Sources */,
				BFC9E64D22B1A22700974663 /* Frameworks */,
				BFC9E64E22B1A22700974663 /* Resources */,
			);
			buildRules = (
			);
			dependencies = (
			);
			name = ClipKit;
			productName = ClipKit;
			productReference = BFC9E65022B1A22700974663 /* ClipKit.framework */;
			productType = "com.apple.product-type.framework";
		};
/* End PBXNativeTarget section */

/* Begin PBXProject section */
		BFC1F39122AF0D0E003AC21A /* Project object */ = {
			isa = PBXProject;
			attributes = {
				LastSwiftUpdateCheck = 1110;
				LastUpgradeCheck = 1020;
				ORGANIZATIONNAME = "Riley Testut";
				TargetAttributes = {
					BFC176FB2399BC4F0058AC51 = {
						CreatedOnToolsVersion = 11.1;
					};
					BFC1F39822AF0D0E003AC21A = {
						CreatedOnToolsVersion = 10.2.1;
						LastSwiftMigration = 1120;
						SystemCapabilities = {
							com.apple.ApplicationGroups.iOS = {
								enabled = 1;
							};
							com.apple.BackgroundModes = {
								enabled = 1;
							};
							com.apple.InterAppAudio = {
								enabled = 1;
							};
						};
					};
					BFC9E64F22B1A22700974663 = {
						CreatedOnToolsVersion = 10.2.1;
						LastSwiftMigration = 1020;
					};
				};
			};
			buildConfigurationList = BFC1F39422AF0D0E003AC21A /* Build configuration list for PBXProject "Clip" */;
			compatibilityVersion = "Xcode 9.3";
			developmentRegion = en;
			hasScannedForEncodings = 0;
			knownRegions = (
				en,
				Base,
			);
			mainGroup = BFC1F39022AF0D0E003AC21A;
			productRefGroup = BFC1F39A22AF0D0E003AC21A /* Products */;
			projectDirPath = "";
			projectReferences = (
				{
					ProductGroup = BF1D5C6F22B029DB0062F474 /* Products */;
					ProjectRef = BF1D5C6E22B029DB0062F474 /* Roxas.xcodeproj */;
				},
			);
			projectRoot = "";
			targets = (
				BFC1F39822AF0D0E003AC21A /* Clip */,
				BFC9E64F22B1A22700974663 /* ClipKit */,
				BFC176FB2399BC4F0058AC51 /* ClipboardReader */,
			);
		};
/* End PBXProject section */

/* Begin PBXReferenceProxy section */
		BF1D5C7522B029DC0062F474 /* Roxas.framework */ = {
			isa = PBXReferenceProxy;
			fileType = wrapper.framework;
			path = Roxas.framework;
			remoteRef = BF1D5C7422B029DC0062F474 /* PBXContainerItemProxy */;
			sourceTree = BUILT_PRODUCTS_DIR;
		};
		BF1D5C7722B029DC0062F474 /* Roxas.framework */ = {
			isa = PBXReferenceProxy;
			fileType = wrapper.framework;
			path = Roxas.framework;
			remoteRef = BF1D5C7622B029DC0062F474 /* PBXContainerItemProxy */;
			sourceTree = BUILT_PRODUCTS_DIR;
		};
		BF1D5C7922B029DC0062F474 /* RoxasTests.xctest */ = {
			isa = PBXReferenceProxy;
			fileType = wrapper.cfbundle;
			path = RoxasTests.xctest;
			remoteRef = BF1D5C7822B029DC0062F474 /* PBXContainerItemProxy */;
			sourceTree = BUILT_PRODUCTS_DIR;
		};
/* End PBXReferenceProxy section */

/* Begin PBXResourcesBuildPhase section */
		BFC176FA2399BC4F0058AC51 /* Resources */ = {
			isa = PBXResourcesBuildPhase;
			buildActionMask = 2147483647;
			files = (
				BFC177042399BC4F0058AC51 /* MainInterface.storyboard in Resources */,
			);
			runOnlyForDeploymentPostprocessing = 0;
		};
		BFC1F39722AF0D0E003AC21A /* Resources */ = {
			isa = PBXResourcesBuildPhase;
			buildActionMask = 2147483647;
			files = (
				BFC1F3A722AF0D0F003AC21A /* LaunchScreen.storyboard in Resources */,
				BFAC49D322B2EDA80011E7C4 /* ClippingTableViewCell.xib in Resources */,
				BFC9E66B22B1CE5B00974663 /* Silence.m4a in Resources */,
				BFC1F3A422AF0D0F003AC21A /* Assets.xcassets in Resources */,
				BFC1F3A222AF0D0E003AC21A /* Main.storyboard in Resources */,
			);
			runOnlyForDeploymentPostprocessing = 0;
		};
		BFC9E64E22B1A22700974663 /* Resources */ = {
			isa = PBXResourcesBuildPhase;
			buildActionMask = 2147483647;
			files = (
			);
			runOnlyForDeploymentPostprocessing = 0;
		};
/* End PBXResourcesBuildPhase section */

/* Begin PBXSourcesBuildPhase section */
		BFC176F82399BC4F0058AC51 /* Sources */ = {
			isa = PBXSourcesBuildPhase;
			buildActionMask = 2147483647;
			files = (
				BFC177012399BC4F0058AC51 /* NotificationViewController.swift in Sources */,
			);
			runOnlyForDeploymentPostprocessing = 0;
		};
		BFC1F39522AF0D0E003AC21A /* Sources */ = {
			isa = PBXSourcesBuildPhase;
			buildActionMask = 2147483647;
			files = (
				BF1D5C7F22B02BF30062F474 /* PasteboardMonitor.swift in Sources */,
				BFDB5B2222EF8E0F00F74113 /* UIColor+Clip.swift in Sources */,
				BFA714BA22C53F1700EE7236 /* ApplicationMonitor.swift in Sources */,
				BFDB5B1E22EF7B5000F74113 /* GradientView.swift in Sources */,
				BFC1F39F22AF0D0E003AC21A /* HistoryViewController.swift in Sources */,
				BF770E6522BC7688002A40FE /* UIDevice+Vibration.swift in Sources */,
				BFC1F39D22AF0D0E003AC21A /* AppDelegate.swift in Sources */,
				BFC9E64A22B1974700974663 /* AudioEngine.swift in Sources */,
				BFEF44AE2398693300095A92 /* ForwardingNavigationController.swift in Sources */,
				BF0BDE5622B456A600E1419D /* PasteboardItem+ActivityItemSource.swift in Sources */,
				BFAC49D522B2EDB20011E7C4 /* ClippingTableViewCell.swift in Sources */,
				BF0BDE5A22B4771300E1419D /* SettingsViewController.swift in Sources */,
			);
			runOnlyForDeploymentPostprocessing = 0;
		};
		BFC9E64C22B1A22700974663 /* Sources */ = {
			isa = PBXSourcesBuildPhase;
			buildActionMask = 2147483647;
			files = (
				BF0BDE5E22B47D4900E1419D /* UserDefaults+App.swift in Sources */,
				BFC9E67C22B2CA4400974663 /* CFNotification+PasteboardListener.swift in Sources */,
				BFC9E66222B1B03900974663 /* DatabaseManager.swift in Sources */,
				BF0BDE5122B4414A00E1419D /* UTI.swift in Sources */,
				BFC9E66422B1B03C00974663 /* PasteboardItemRepresentation.swift in Sources */,
				BFC9E66522B1B04000974663 /* Model.xcdatamodeld in Sources */,
				BFC9E67222B2C4C500974663 /* Result+Conveniences.swift in Sources */,
				BF7B9EE122B81C980042C873 /* Int+Bytes.swift in Sources */,
				BFC9E66322B1B03C00974663 /* PasteboardItem.swift in Sources */,
				BF50E7D922C2BF010070E17B /* Bundle+AppGroups.swift in Sources */,
			);
			runOnlyForDeploymentPostprocessing = 0;
		};
/* End PBXSourcesBuildPhase section */

/* Begin PBXTargetDependency section */
		BF1D5C7D22B029E80062F474 /* PBXTargetDependency */ = {
			isa = PBXTargetDependency;
			name = Roxas;
			targetProxy = BF1D5C7C22B029E80062F474 /* PBXContainerItemProxy */;
		};
		BFC177072399BC4F0058AC51 /* PBXTargetDependency */ = {
			isa = PBXTargetDependency;
			target = BFC176FB2399BC4F0058AC51 /* ClipboardReader */;
			targetProxy = BFC177062399BC4F0058AC51 /* PBXContainerItemProxy */;
		};
		BFC9E65622B1A22700974663 /* PBXTargetDependency */ = {
			isa = PBXTargetDependency;
			target = BFC9E64F22B1A22700974663 /* ClipKit */;
			targetProxy = BFC9E65522B1A22700974663 /* PBXContainerItemProxy */;
		};
/* End PBXTargetDependency section */

/* Begin PBXVariantGroup section */
		BFC177022399BC4F0058AC51 /* MainInterface.storyboard */ = {
			isa = PBXVariantGroup;
			children = (
				BFC177032399BC4F0058AC51 /* Base */,
			);
			name = MainInterface.storyboard;
			sourceTree = "<group>";
		};
		BFC1F3A022AF0D0E003AC21A /* Main.storyboard */ = {
			isa = PBXVariantGroup;
			children = (
				BFC1F3A122AF0D0E003AC21A /* Base */,
			);
			name = Main.storyboard;
			sourceTree = "<group>";
		};
		BFC1F3A522AF0D0F003AC21A /* LaunchScreen.storyboard */ = {
			isa = PBXVariantGroup;
			children = (
				BFC1F3A622AF0D0F003AC21A /* Base */,
			);
			name = LaunchScreen.storyboard;
			sourceTree = "<group>";
		};
/* End PBXVariantGroup section */

/* Begin XCBuildConfiguration section */
		BFC1770A2399BC4F0058AC51 /* Debug */ = {
			isa = XCBuildConfiguration;
			buildSettings = {
				CODE_SIGN_ENTITLEMENTS = ClipboardReader/ClipboardReader.entitlements;
				CODE_SIGN_STYLE = Automatic;
				DEVELOPMENT_TEAM = 6XVY5G3U44;
				INFOPLIST_FILE = ClipboardReader/Info.plist;
				LD_RUNPATH_SEARCH_PATHS = (
					"$(inherited)",
					"@executable_path/Frameworks",
					"@executable_path/../../Frameworks",
				);
				PRODUCT_BUNDLE_IDENTIFIER = com.rileytestut.Clip.ClipboardReader;
				PRODUCT_NAME = "$(TARGET_NAME)";
				SKIP_INSTALL = YES;
				SWIFT_VERSION = 5.0;
				TARGETED_DEVICE_FAMILY = "1,2";
			};
			name = Debug;
		};
		BFC1770B2399BC4F0058AC51 /* Release */ = {
			isa = XCBuildConfiguration;
			buildSettings = {
				CODE_SIGN_ENTITLEMENTS = ClipboardReader/ClipboardReader.entitlements;
				CODE_SIGN_STYLE = Automatic;
				DEVELOPMENT_TEAM = 6XVY5G3U44;
				INFOPLIST_FILE = ClipboardReader/Info.plist;
				LD_RUNPATH_SEARCH_PATHS = (
					"$(inherited)",
					"@executable_path/Frameworks",
					"@executable_path/../../Frameworks",
				);
				PRODUCT_BUNDLE_IDENTIFIER = com.rileytestut.Clip.ClipboardReader;
				PRODUCT_NAME = "$(TARGET_NAME)";
				SKIP_INSTALL = YES;
				SWIFT_VERSION = 5.0;
				TARGETED_DEVICE_FAMILY = "1,2";
			};
			name = Release;
		};
		BFC1F3A922AF0D0F003AC21A /* Debug */ = {
			isa = XCBuildConfiguration;
			buildSettings = {
				ALWAYS_SEARCH_USER_PATHS = NO;
				CLANG_ANALYZER_NONNULL = YES;
				CLANG_ANALYZER_NUMBER_OBJECT_CONVERSION = YES_AGGRESSIVE;
				CLANG_CXX_LANGUAGE_STANDARD = "gnu++14";
				CLANG_CXX_LIBRARY = "libc++";
				CLANG_ENABLE_MODULES = YES;
				CLANG_ENABLE_OBJC_ARC = YES;
				CLANG_ENABLE_OBJC_WEAK = YES;
				CLANG_WARN_BLOCK_CAPTURE_AUTORELEASING = YES;
				CLANG_WARN_BOOL_CONVERSION = YES;
				CLANG_WARN_COMMA = YES;
				CLANG_WARN_CONSTANT_CONVERSION = YES;
				CLANG_WARN_DEPRECATED_OBJC_IMPLEMENTATIONS = YES;
				CLANG_WARN_DIRECT_OBJC_ISA_USAGE = YES_ERROR;
				CLANG_WARN_DOCUMENTATION_COMMENTS = YES;
				CLANG_WARN_EMPTY_BODY = YES;
				CLANG_WARN_ENUM_CONVERSION = YES;
				CLANG_WARN_INFINITE_RECURSION = YES;
				CLANG_WARN_INT_CONVERSION = YES;
				CLANG_WARN_NON_LITERAL_NULL_CONVERSION = YES;
				CLANG_WARN_OBJC_IMPLICIT_RETAIN_SELF = YES;
				CLANG_WARN_OBJC_LITERAL_CONVERSION = YES;
				CLANG_WARN_OBJC_ROOT_CLASS = YES_ERROR;
				CLANG_WARN_RANGE_LOOP_ANALYSIS = YES;
				CLANG_WARN_STRICT_PROTOTYPES = YES;
				CLANG_WARN_SUSPICIOUS_MOVE = YES;
				CLANG_WARN_UNGUARDED_AVAILABILITY = YES_AGGRESSIVE;
				CLANG_WARN_UNREACHABLE_CODE = YES;
				CLANG_WARN__DUPLICATE_METHOD_MATCH = YES;
				CODE_SIGN_IDENTITY = "iPhone Developer";
				COPY_PHASE_STRIP = NO;
				DEBUG_INFORMATION_FORMAT = dwarf;
				ENABLE_STRICT_OBJC_MSGSEND = YES;
				ENABLE_TESTABILITY = YES;
				GCC_C_LANGUAGE_STANDARD = gnu11;
				GCC_DYNAMIC_NO_PIC = NO;
				GCC_NO_COMMON_BLOCKS = YES;
				GCC_OPTIMIZATION_LEVEL = 0;
				GCC_PREPROCESSOR_DEFINITIONS = (
					"DEBUG=1",
					"$(inherited)",
				);
				GCC_WARN_64_TO_32_BIT_CONVERSION = YES;
				GCC_WARN_ABOUT_RETURN_TYPE = YES_ERROR;
				GCC_WARN_UNDECLARED_SELECTOR = YES;
				GCC_WARN_UNINITIALIZED_AUTOS = YES_AGGRESSIVE;
				GCC_WARN_UNUSED_FUNCTION = YES;
				GCC_WARN_UNUSED_VARIABLE = YES;
				IPHONEOS_DEPLOYMENT_TARGET = 12.2;
				MTL_ENABLE_DEBUG_INFO = INCLUDE_SOURCE;
				MTL_FAST_MATH = YES;
				ONLY_ACTIVE_ARCH = YES;
				SDKROOT = iphoneos;
				SWIFT_ACTIVE_COMPILATION_CONDITIONS = DEBUG;
				SWIFT_OPTIMIZATION_LEVEL = "-Onone";
			};
			name = Debug;
		};
		BFC1F3AA22AF0D0F003AC21A /* Release */ = {
			isa = XCBuildConfiguration;
			buildSettings = {
				ALWAYS_SEARCH_USER_PATHS = NO;
				CLANG_ANALYZER_NONNULL = YES;
				CLANG_ANALYZER_NUMBER_OBJECT_CONVERSION = YES_AGGRESSIVE;
				CLANG_CXX_LANGUAGE_STANDARD = "gnu++14";
				CLANG_CXX_LIBRARY = "libc++";
				CLANG_ENABLE_MODULES = YES;
				CLANG_ENABLE_OBJC_ARC = YES;
				CLANG_ENABLE_OBJC_WEAK = YES;
				CLANG_WARN_BLOCK_CAPTURE_AUTORELEASING = YES;
				CLANG_WARN_BOOL_CONVERSION = YES;
				CLANG_WARN_COMMA = YES;
				CLANG_WARN_CONSTANT_CONVERSION = YES;
				CLANG_WARN_DEPRECATED_OBJC_IMPLEMENTATIONS = YES;
				CLANG_WARN_DIRECT_OBJC_ISA_USAGE = YES_ERROR;
				CLANG_WARN_DOCUMENTATION_COMMENTS = YES;
				CLANG_WARN_EMPTY_BODY = YES;
				CLANG_WARN_ENUM_CONVERSION = YES;
				CLANG_WARN_INFINITE_RECURSION = YES;
				CLANG_WARN_INT_CONVERSION = YES;
				CLANG_WARN_NON_LITERAL_NULL_CONVERSION = YES;
				CLANG_WARN_OBJC_IMPLICIT_RETAIN_SELF = YES;
				CLANG_WARN_OBJC_LITERAL_CONVERSION = YES;
				CLANG_WARN_OBJC_ROOT_CLASS = YES_ERROR;
				CLANG_WARN_RANGE_LOOP_ANALYSIS = YES;
				CLANG_WARN_STRICT_PROTOTYPES = YES;
				CLANG_WARN_SUSPICIOUS_MOVE = YES;
				CLANG_WARN_UNGUARDED_AVAILABILITY = YES_AGGRESSIVE;
				CLANG_WARN_UNREACHABLE_CODE = YES;
				CLANG_WARN__DUPLICATE_METHOD_MATCH = YES;
				CODE_SIGN_IDENTITY = "iPhone Developer";
				COPY_PHASE_STRIP = NO;
				DEBUG_INFORMATION_FORMAT = "dwarf-with-dsym";
				ENABLE_NS_ASSERTIONS = NO;
				ENABLE_STRICT_OBJC_MSGSEND = YES;
				GCC_C_LANGUAGE_STANDARD = gnu11;
				GCC_NO_COMMON_BLOCKS = YES;
				GCC_WARN_64_TO_32_BIT_CONVERSION = YES;
				GCC_WARN_ABOUT_RETURN_TYPE = YES_ERROR;
				GCC_WARN_UNDECLARED_SELECTOR = YES;
				GCC_WARN_UNINITIALIZED_AUTOS = YES_AGGRESSIVE;
				GCC_WARN_UNUSED_FUNCTION = YES;
				GCC_WARN_UNUSED_VARIABLE = YES;
				IPHONEOS_DEPLOYMENT_TARGET = 12.2;
				MTL_ENABLE_DEBUG_INFO = NO;
				MTL_FAST_MATH = YES;
				SDKROOT = iphoneos;
				SWIFT_COMPILATION_MODE = wholemodule;
				SWIFT_OPTIMIZATION_LEVEL = "-O";
				VALIDATE_PRODUCT = YES;
			};
			name = Release;
		};
		BFC1F3AC22AF0D0F003AC21A /* Debug */ = {
			isa = XCBuildConfiguration;
			buildSettings = {
				ALWAYS_EMBED_SWIFT_STANDARD_LIBRARIES = YES;
				ASSETCATALOG_COMPILER_APPICON_NAME = AppIcon;
				CLANG_ENABLE_MODULES = YES;
				CODE_SIGN_ENTITLEMENTS = Clip/Clip.entitlements;
				CODE_SIGN_STYLE = Automatic;
				CURRENT_PROJECT_VERSION = 2;
				DEVELOPMENT_TEAM = 6XVY5G3U44;
				INFOPLIST_FILE = Clip/Info.plist;
				LD_RUNPATH_SEARCH_PATHS = (
					"$(inherited)",
					"@executable_path/Frameworks",
				);
				PRODUCT_BUNDLE_IDENTIFIER = com.rileytestut.Clip;
				PRODUCT_NAME = "$(TARGET_NAME)";
				SWIFT_OPTIMIZATION_LEVEL = "-Onone";
				SWIFT_VERSION = 5.0;
				TARGETED_DEVICE_FAMILY = 1;
			};
			name = Debug;
		};
		BFC1F3AD22AF0D0F003AC21A /* Release */ = {
			isa = XCBuildConfiguration;
			buildSettings = {
				ALWAYS_EMBED_SWIFT_STANDARD_LIBRARIES = YES;
				ASSETCATALOG_COMPILER_APPICON_NAME = AppIcon;
				CLANG_ENABLE_MODULES = YES;
				CODE_SIGN_ENTITLEMENTS = Clip/Clip.entitlements;
				CODE_SIGN_STYLE = Automatic;
				CURRENT_PROJECT_VERSION = 2;
				DEVELOPMENT_TEAM = 6XVY5G3U44;
				INFOPLIST_FILE = Clip/Info.plist;
				LD_RUNPATH_SEARCH_PATHS = (
					"$(inherited)",
					"@executable_path/Frameworks",
				);
				PRODUCT_BUNDLE_IDENTIFIER = com.rileytestut.Clip;
				PRODUCT_NAME = "$(TARGET_NAME)";
				SWIFT_VERSION = 5.0;
				TARGETED_DEVICE_FAMILY = 1;
			};
			name = Release;
		};
		BFC9E65A22B1A22700974663 /* Debug */ = {
			isa = XCBuildConfiguration;
			buildSettings = {
				APPLICATION_EXTENSION_API_ONLY = YES;
				CLANG_ENABLE_MODULES = YES;
				CODE_SIGN_IDENTITY = "";
				CODE_SIGN_STYLE = Automatic;
				CURRENT_PROJECT_VERSION = 1;
				DEFINES_MODULE = YES;
				DEVELOPMENT_TEAM = 6XVY5G3U44;
				DYLIB_COMPATIBILITY_VERSION = 1;
				DYLIB_CURRENT_VERSION = 1;
				DYLIB_INSTALL_NAME_BASE = "@rpath";
				INFOPLIST_FILE = ClipKit/Info.plist;
				INSTALL_PATH = "$(LOCAL_LIBRARY_DIR)/Frameworks";
				LD_RUNPATH_SEARCH_PATHS = (
					"$(inherited)",
					"@executable_path/Frameworks",
					"@loader_path/Frameworks",
				);
				PRODUCT_BUNDLE_IDENTIFIER = com.rileytestut.ClipKit;
				PRODUCT_NAME = "$(TARGET_NAME:c99extidentifier)";
				SKIP_INSTALL = YES;
				SWIFT_OPTIMIZATION_LEVEL = "-Onone";
				SWIFT_VERSION = 5.0;
				TARGETED_DEVICE_FAMILY = "1,2";
				VERSIONING_SYSTEM = "apple-generic";
				VERSION_INFO_PREFIX = "";
			};
			name = Debug;
		};
		BFC9E65B22B1A22700974663 /* Release */ = {
			isa = XCBuildConfiguration;
			buildSettings = {
				APPLICATION_EXTENSION_API_ONLY = YES;
				CLANG_ENABLE_MODULES = YES;
				CODE_SIGN_IDENTITY = "";
				CODE_SIGN_STYLE = Automatic;
				CURRENT_PROJECT_VERSION = 1;
				DEFINES_MODULE = YES;
				DEVELOPMENT_TEAM = 6XVY5G3U44;
				DYLIB_COMPATIBILITY_VERSION = 1;
				DYLIB_CURRENT_VERSION = 1;
				DYLIB_INSTALL_NAME_BASE = "@rpath";
				INFOPLIST_FILE = ClipKit/Info.plist;
				INSTALL_PATH = "$(LOCAL_LIBRARY_DIR)/Frameworks";
				LD_RUNPATH_SEARCH_PATHS = (
					"$(inherited)",
					"@executable_path/Frameworks",
					"@loader_path/Frameworks",
				);
				PRODUCT_BUNDLE_IDENTIFIER = com.rileytestut.ClipKit;
				PRODUCT_NAME = "$(TARGET_NAME:c99extidentifier)";
				SKIP_INSTALL = YES;
				SWIFT_VERSION = 5.0;
				TARGETED_DEVICE_FAMILY = "1,2";
				VERSIONING_SYSTEM = "apple-generic";
				VERSION_INFO_PREFIX = "";
			};
			name = Release;
		};
/* End XCBuildConfiguration section */

/* Begin XCConfigurationList section */
		BFC177092399BC4F0058AC51 /* Build configuration list for PBXNativeTarget "ClipboardReader" */ = {
			isa = XCConfigurationList;
			buildConfigurations = (
				BFC1770A2399BC4F0058AC51 /* Debug */,
				BFC1770B2399BC4F0058AC51 /* Release */,
			);
			defaultConfigurationIsVisible = 0;
			defaultConfigurationName = Release;
		};
		BFC1F39422AF0D0E003AC21A /* Build configuration list for PBXProject "Clip" */ = {
			isa = XCConfigurationList;
			buildConfigurations = (
				BFC1F3A922AF0D0F003AC21A /* Debug */,
				BFC1F3AA22AF0D0F003AC21A /* Release */,
			);
			defaultConfigurationIsVisible = 0;
			defaultConfigurationName = Release;
		};
		BFC1F3AB22AF0D0F003AC21A /* Build configuration list for PBXNativeTarget "Clip" */ = {
			isa = XCConfigurationList;
			buildConfigurations = (
				BFC1F3AC22AF0D0F003AC21A /* Debug */,
				BFC1F3AD22AF0D0F003AC21A /* Release */,
			);
			defaultConfigurationIsVisible = 0;
			defaultConfigurationName = Release;
		};
		BFC9E65922B1A22700974663 /* Build configuration list for PBXNativeTarget "ClipKit" */ = {
			isa = XCConfigurationList;
			buildConfigurations = (
				BFC9E65A22B1A22700974663 /* Debug */,
				BFC9E65B22B1A22700974663 /* Release */,
			);
			defaultConfigurationIsVisible = 0;
			defaultConfigurationName = Release;
		};
/* End XCConfigurationList section */

/* Begin XCVersionGroup section */
		BF1D5D4322B0867C0062F474 /* Model.xcdatamodeld */ = {
			isa = XCVersionGroup;
			children = (
				BF1D5D4422B0867C0062F474 /* Model.xcdatamodel */,
			);
			currentVersion = BF1D5D4422B0867C0062F474 /* Model.xcdatamodel */;
			path = Model.xcdatamodeld;
			sourceTree = "<group>";
			versionGroupType = wrapper.xcdatamodel;
		};
/* End XCVersionGroup section */
	};
	rootObject = BFC1F39122AF0D0E003AC21A /* Project object */;
}
